Microsoft Visual Studio Solution File, Format Version 12.00
# Visual Studio Version 16
VisualStudioVersion = 16.0.29609.76
MinimumVisualStudioVersion = 10.0.40219.1
Project("{8BC9CEB8-8B4A-11D0-8D11-00A0C91BC942}") = "mangband", "TangariaServer.vcxproj", "{04C4E420-C76A-4206-B505-CF5058E7606F}"
EndProject
Project("{8BC9CEB8-8B4A-11D0-8D11-00A0C91BC942}") = "mangclient_sdl", "TangariaSDLClient.vcxproj", "{1304C40B-728A-448C-8EBF-3A8C562B8CAC}"
EndProject
Project("{2150E333-8FDC-42A3-9474-1A3956D46DE8}") = "ExternalLibraryProjects", "ExternalLibraryProjects", "{06CCF369-80B3-4E01-8D26-4C699256289D}"
EndProject
Project("{8BC9CEB8-8B4A-11D0-8D11-00A0C91BC942}") = "SDL2", "..\..\SDL\VisualC\SDL\SDL.vcxproj", "{81CE8DAF-EBB2-4761-8E45-B71ABCCA8C68}"
EndProject
Project("{8BC9CEB8-8B4A-11D0-8D11-00A0C91BC942}") = "SDL2main", "..\..\SDL\VisualC\SDLmain\SDLmain.vcxproj", "{DA956FD3-E142-46F2-9DD5-C78BEBB56B7A}"
EndProject
Project("{8BC9CEB8-8B4A-11D0-8D11-00A0C91BC942}") = "SDL2_image", "..\..\SDL_image\VCToOtherDir\SDL_image.vcxproj", "{2BD5534E-00E2-4BEA-AC96-D9A92EA24696}"
EndProject
Project("{8BC9CEB8-8B4A-11D0-8D11-00A0C91BC942}") = "SDL2_mixer", "..\..\SDL_mixer\VisualC\SDL_mixer.vcxproj", "{F7E944B3-0815-40CD-B3E4-90B2A15B0E33}"
EndProject
Project("{8BC9CEB8-8B4A-11D0-8D11-00A0C91BC942}") = "timidity", "..\..\SDL_mixer\VisualC\timidity\timidity.vcxproj", "{B162B6F1-E876-4D5F-A1F6-E3A6DC2F4A2C}"
EndProject
Project("{8BC9CEB8-8B4A-11D0-8D11-00A0C91BC942}") = "native_midi", "..\..\SDL_mixer\VisualC\native_midi\native_midi.vcxproj", "{EBDA67CA-4A23-4F22-BFBC-B8DBE0580D4F}"
EndProject
Project("{2150E333-8FDC-42A3-9474-1A3956D46DE8}") = "LibPng", "LibPng", "{61E03AFD-8FCE-4B98-8B1F-937E61995F0B}"
EndProject
Project("{8BC9CEB8-8B4A-11D0-8D11-00A0C91BC942}") = "libpng", "..\..\libpng\VCToOtherDir\libpng.vcxproj", "{D6973076-9317-4EF2-A0B8-B7A18AC0713E}"
EndProject
Project("{8BC9CEB8-8B4A-11D0-8D11-00A0C91BC942}") = "FreetypeFork", "..\..\freetype\VCToOtherDir\FreetypeFork.vcxproj", "{D8C62659-19A9-419A-B74E-DBA49DD5576A}"
EndProject
Project("{8BC9CEB8-8B4A-11D0-8D11-00A0C91BC942}") = "SDL2_ttf", "..\..\SDL_ttf\VisualC\SDL_ttf.vcxproj", "{DDDBD07D-DC76-4AF6-8D02-3E2DEB6EE255}"
EndProject
Project("{8BC9CEB8-8B4A-11D0-8D11-00A0C91BC942}") = "zlib", "..\..\zlib\VCToOtherDir\zlib.vcxproj", "{8FD826F8-3739-44E6-8CC8-997122E53B8D}"
EndProject
Project("{8BC9CEB8-8B4A-11D0-8D11-00A0C91BC942}") = "SDL2_net", "..\..\SDL_net\VCToOtherDir\SDL_net.vcxproj", "{8AB3504F-5E58-4910-AFE8-7A1E595AC3F4}"
EndProject
Project("{2150E333-8FDC-42A3-9474-1A3956D46DE8}") = "ProjectsForExtraFeatures", "ProjectsForExtraFeatures", "{E310458F-C20D-4727-B9D0-4E77F50A352C}"
EndProject
Project("{8BC9CEB8-8B4A-11D0-8D11-00A0C91BC942}") = "showinterfaces", "..\..\SDL_net\VCToOtherDir\showinterfaces\showinterfaces.vcxproj", "{76709E2D-E8EA-46CE-8361-84B0D7CF0066}"
EndProject
Global
	GlobalSection(SolutionConfigurationPlatforms) = preSolution
		Debug|ARM64 = Debug|ARM64
		Debug|x64 = Debug|x64
		Debug|x86 = Debug|x86
		DebugStatic|ARM64 = DebugStatic|ARM64
		DebugStatic|x64 = DebugStatic|x64
		DebugStatic|x86 = DebugStatic|x86
		Release|ARM64 = Release|ARM64
		Release|x64 = Release|x64
		Release|x86 = Release|x86
		ReleaseC99|ARM64 = ReleaseC99|ARM64
		ReleaseC99|x64 = ReleaseC99|x64
		ReleaseC99|x86 = ReleaseC99|x86
		ReleaseStatic|ARM64 = ReleaseStatic|ARM64
		ReleaseStatic|x64 = ReleaseStatic|x64
		ReleaseStatic|x86 = ReleaseStatic|x86
	EndGlobalSection
	GlobalSection(ProjectConfigurationPlatforms) = postSolution
		{04C4E420-C76A-4206-B505-CF5058E7606F}.Debug|ARM64.ActiveCfg = Debug|Win32
		{04C4E420-C76A-4206-B505-CF5058E7606F}.Debug|x64.ActiveCfg = Debug|x64
		{04C4E420-C76A-4206-B505-CF5058E7606F}.Debug|x64.Build.0 = Debug|x64
		{04C4E420-C76A-4206-B505-CF5058E7606F}.Debug|x86.ActiveCfg = Debug|Win32
		{04C4E420-C76A-4206-B505-CF5058E7606F}.Debug|x86.Build.0 = Debug|Win32
		{04C4E420-C76A-4206-B505-CF5058E7606F}.DebugStatic|ARM64.ActiveCfg = Release|x64
		{04C4E420-C76A-4206-B505-CF5058E7606F}.DebugStatic|ARM64.Build.0 = Release|x64
		{04C4E420-C76A-4206-B505-CF5058E7606F}.DebugStatic|x64.ActiveCfg = Debug|x64
		{04C4E420-C76A-4206-B505-CF5058E7606F}.DebugStatic|x64.Build.0 = Debug|x64
		{04C4E420-C76A-4206-B505-CF5058E7606F}.DebugStatic|x86.ActiveCfg = Debug|Win32
		{04C4E420-C76A-4206-B505-CF5058E7606F}.DebugStatic|x86.Build.0 = Debug|Win32
		{04C4E420-C76A-4206-B505-CF5058E7606F}.Release|ARM64.ActiveCfg = Release|Win32
		{04C4E420-C76A-4206-B505-CF5058E7606F}.Release|x64.ActiveCfg = Release|x64
		{04C4E420-C76A-4206-B505-CF5058E7606F}.Release|x64.Build.0 = Release|x64
		{04C4E420-C76A-4206-B505-CF5058E7606F}.Release|x86.ActiveCfg = Release|Win32
		{04C4E420-C76A-4206-B505-CF5058E7606F}.Release|x86.Build.0 = Release|Win32
		{04C4E420-C76A-4206-B505-CF5058E7606F}.ReleaseC99|ARM64.ActiveCfg = Release|Win32
		{04C4E420-C76A-4206-B505-CF5058E7606F}.ReleaseC99|x64.ActiveCfg = ReleaseC99|x64
		{04C4E420-C76A-4206-B505-CF5058E7606F}.ReleaseC99|x64.Build.0 = ReleaseC99|x64
		{04C4E420-C76A-4206-B505-CF5058E7606F}.ReleaseC99|x86.ActiveCfg = Release|Win32
		{04C4E420-C76A-4206-B505-CF5058E7606F}.ReleaseC99|x86.Build.0 = Release|Win32
		{04C4E420-C76A-4206-B505-CF5058E7606F}.ReleaseStatic|ARM64.ActiveCfg = Release|x64
		{04C4E420-C76A-4206-B505-CF5058E7606F}.ReleaseStatic|ARM64.Build.0 = Release|x64
		{04C4E420-C76A-4206-B505-CF5058E7606F}.ReleaseStatic|x64.ActiveCfg = Release|x64
		{04C4E420-C76A-4206-B505-CF5058E7606F}.ReleaseStatic|x64.Build.0 = Release|x64
		{04C4E420-C76A-4206-B505-CF5058E7606F}.ReleaseStatic|x86.ActiveCfg = Release|Win32
		{04C4E420-C76A-4206-B505-CF5058E7606F}.ReleaseStatic|x86.Build.0 = Release|Win32
		{1304C40B-728A-448C-8EBF-3A8C562B8CAC}.Debug|ARM64.ActiveCfg = Debug|Win32
		{1304C40B-728A-448C-8EBF-3A8C562B8CAC}.Debug|x64.ActiveCfg = Debug|x64
		{1304C40B-728A-448C-8EBF-3A8C562B8CAC}.Debug|x64.Build.0 = Debug|x64
		{1304C40B-728A-448C-8EBF-3A8C562B8CAC}.Debug|x86.ActiveCfg = Debug|Win32
		{1304C40B-728A-448C-8EBF-3A8C562B8CAC}.Debug|x86.Build.0 = Debug|Win32
		{1304C40B-728A-448C-8EBF-3A8C562B8CAC}.DebugStatic|ARM64.ActiveCfg = ReleaseC99|Win32
		{1304C40B-728A-448C-8EBF-3A8C562B8CAC}.DebugStatic|ARM64.Build.0 = ReleaseC99|Win32
		{1304C40B-728A-448C-8EBF-3A8C562B8CAC}.DebugStatic|x64.ActiveCfg = Debug|x64
		{1304C40B-728A-448C-8EBF-3A8C562B8CAC}.DebugStatic|x64.Build.0 = Debug|x64
		{1304C40B-728A-448C-8EBF-3A8C562B8CAC}.DebugStatic|x86.ActiveCfg = Debug|Win32
		{1304C40B-728A-448C-8EBF-3A8C562B8CAC}.DebugStatic|x86.Build.0 = Debug|Win32
		{1304C40B-728A-448C-8EBF-3A8C562B8CAC}.Release|ARM64.ActiveCfg = Release|Win32
		{1304C40B-728A-448C-8EBF-3A8C562B8CAC}.Release|x64.ActiveCfg = Release|x64
		{1304C40B-728A-448C-8EBF-3A8C562B8CAC}.Release|x64.Build.0 = Release|x64
		{1304C40B-728A-448C-8EBF-3A8C562B8CAC}.Release|x86.ActiveCfg = Release|Win32
		{1304C40B-728A-448C-8EBF-3A8C562B8CAC}.Release|x86.Build.0 = Release|Win32
		{1304C40B-728A-448C-8EBF-3A8C562B8CAC}.ReleaseC99|ARM64.ActiveCfg = Release|Win32
		{1304C40B-728A-448C-8EBF-3A8C562B8CAC}.ReleaseC99|x64.ActiveCfg = ReleaseC99|x64
		{1304C40B-728A-448C-8EBF-3A8C562B8CAC}.ReleaseC99|x64.Build.0 = ReleaseC99|x64
		{1304C40B-728A-448C-8EBF-3A8C562B8CAC}.ReleaseC99|x86.ActiveCfg = ReleaseC99|Win32
		{1304C40B-728A-448C-8EBF-3A8C562B8CAC}.ReleaseC99|x86.Build.0 = ReleaseC99|Win32
		{1304C40B-728A-448C-8EBF-3A8C562B8CAC}.ReleaseStatic|ARM64.ActiveCfg = ReleaseC99|Win32
		{1304C40B-728A-448C-8EBF-3A8C562B8CAC}.ReleaseStatic|ARM64.Build.0 = ReleaseC99|Win32
		{1304C40B-728A-448C-8EBF-3A8C562B8CAC}.ReleaseStatic|x64.ActiveCfg = Release|x64
		{1304C40B-728A-448C-8EBF-3A8C562B8CAC}.ReleaseStatic|x64.Build.0 = Release|x64
		{1304C40B-728A-448C-8EBF-3A8C562B8CAC}.ReleaseStatic|x86.ActiveCfg = Release|Win32
		{1304C40B-728A-448C-8EBF-3A8C562B8CAC}.ReleaseStatic|x86.Build.0 = Release|Win32
		{81CE8DAF-EBB2-4761-8E45-B71ABCCA8C68}.Debug|ARM64.ActiveCfg = Debug|Win32
		{81CE8DAF-EBB2-4761-8E45-B71ABCCA8C68}.Debug|x64.ActiveCfg = Debug|x64
		{81CE8DAF-EBB2-4761-8E45-B71ABCCA8C68}.Debug|x64.Build.0 = Debug|x64
		{81CE8DAF-EBB2-4761-8E45-B71ABCCA8C68}.Debug|x86.ActiveCfg = Debug|Win32
		{81CE8DAF-EBB2-4761-8E45-B71ABCCA8C68}.Debug|x86.Build.0 = Debug|Win32
		{81CE8DAF-EBB2-4761-8E45-B71ABCCA8C68}.DebugStatic|ARM64.ActiveCfg = ReleaseC99|Win32
		{81CE8DAF-EBB2-4761-8E45-B71ABCCA8C68}.DebugStatic|ARM64.Build.0 = ReleaseC99|Win32
		{81CE8DAF-EBB2-4761-8E45-B71ABCCA8C68}.DebugStatic|x64.ActiveCfg = Debug|x64
		{81CE8DAF-EBB2-4761-8E45-B71ABCCA8C68}.DebugStatic|x64.Build.0 = Debug|x64
		{81CE8DAF-EBB2-4761-8E45-B71ABCCA8C68}.DebugStatic|x86.ActiveCfg = Debug|Win32
		{81CE8DAF-EBB2-4761-8E45-B71ABCCA8C68}.DebugStatic|x86.Build.0 = Debug|Win32
		{81CE8DAF-EBB2-4761-8E45-B71ABCCA8C68}.Release|ARM64.ActiveCfg = Release|Win32
		{81CE8DAF-EBB2-4761-8E45-B71ABCCA8C68}.Release|x64.ActiveCfg = Release|x64
		{81CE8DAF-EBB2-4761-8E45-B71ABCCA8C68}.Release|x64.Build.0 = Release|x64
		{81CE8DAF-EBB2-4761-8E45-B71ABCCA8C68}.Release|x86.ActiveCfg = Release|Win32
		{81CE8DAF-EBB2-4761-8E45-B71ABCCA8C68}.Release|x86.Build.0 = Release|Win32
		{81CE8DAF-EBB2-4761-8E45-B71ABCCA8C68}.ReleaseC99|ARM64.ActiveCfg = Release|Win32
		{81CE8DAF-EBB2-4761-8E45-B71ABCCA8C68}.ReleaseC99|x64.ActiveCfg = ReleaseC99|x64
		{81CE8DAF-EBB2-4761-8E45-B71ABCCA8C68}.ReleaseC99|x64.Build.0 = ReleaseC99|x64
		{81CE8DAF-EBB2-4761-8E45-B71ABCCA8C68}.ReleaseC99|x86.ActiveCfg = ReleaseC99|Win32
		{81CE8DAF-EBB2-4761-8E45-B71ABCCA8C68}.ReleaseC99|x86.Build.0 = ReleaseC99|Win32
		{81CE8DAF-EBB2-4761-8E45-B71ABCCA8C68}.ReleaseStatic|ARM64.ActiveCfg = ReleaseC99|Win32
		{81CE8DAF-EBB2-4761-8E45-B71ABCCA8C68}.ReleaseStatic|ARM64.Build.0 = ReleaseC99|Win32
		{81CE8DAF-EBB2-4761-8E45-B71ABCCA8C68}.ReleaseStatic|x64.ActiveCfg = Release|x64
		{81CE8DAF-EBB2-4761-8E45-B71ABCCA8C68}.ReleaseStatic|x64.Build.0 = Release|x64
		{81CE8DAF-EBB2-4761-8E45-B71ABCCA8C68}.ReleaseStatic|x86.ActiveCfg = Release|Win32
		{81CE8DAF-EBB2-4761-8E45-B71ABCCA8C68}.ReleaseStatic|x86.Build.0 = Release|Win32
		{DA956FD3-E142-46F2-9DD5-C78BEBB56B7A}.Debug|ARM64.ActiveCfg = Debug|Win32
		{DA956FD3-E142-46F2-9DD5-C78BEBB56B7A}.Debug|x64.ActiveCfg = Debug|x64
		{DA956FD3-E142-46F2-9DD5-C78BEBB56B7A}.Debug|x64.Build.0 = Debug|x64
		{DA956FD3-E142-46F2-9DD5-C78BEBB56B7A}.Debug|x86.ActiveCfg = Debug|Win32
		{DA956FD3-E142-46F2-9DD5-C78BEBB56B7A}.Debug|x86.Build.0 = Debug|Win32
		{DA956FD3-E142-46F2-9DD5-C78BEBB56B7A}.DebugStatic|ARM64.ActiveCfg = ReleaseC99|Win32
		{DA956FD3-E142-46F2-9DD5-C78BEBB56B7A}.DebugStatic|ARM64.Build.0 = ReleaseC99|Win32
		{DA956FD3-E142-46F2-9DD5-C78BEBB56B7A}.DebugStatic|x64.ActiveCfg = Debug|x64
		{DA956FD3-E142-46F2-9DD5-C78BEBB56B7A}.DebugStatic|x64.Build.0 = Debug|x64
		{DA956FD3-E142-46F2-9DD5-C78BEBB56B7A}.DebugStatic|x86.ActiveCfg = Debug|Win32
		{DA956FD3-E142-46F2-9DD5-C78BEBB56B7A}.DebugStatic|x86.Build.0 = Debug|Win32
		{DA956FD3-E142-46F2-9DD5-C78BEBB56B7A}.Release|ARM64.ActiveCfg = Release|Win32
		{DA956FD3-E142-46F2-9DD5-C78BEBB56B7A}.Release|x64.ActiveCfg = Release|x64
		{DA956FD3-E142-46F2-9DD5-C78BEBB56B7A}.Release|x64.Build.0 = Release|x64
		{DA956FD3-E142-46F2-9DD5-C78BEBB56B7A}.Release|x86.ActiveCfg = Release|Win32
		{DA956FD3-E142-46F2-9DD5-C78BEBB56B7A}.Release|x86.Build.0 = Release|Win32
		{DA956FD3-E142-46F2-9DD5-C78BEBB56B7A}.ReleaseC99|ARM64.ActiveCfg = Release|Win32
		{DA956FD3-E142-46F2-9DD5-C78BEBB56B7A}.ReleaseC99|x64.ActiveCfg = ReleaseC99|x64
		{DA956FD3-E142-46F2-9DD5-C78BEBB56B7A}.ReleaseC99|x64.Build.0 = ReleaseC99|x64
		{DA956FD3-E142-46F2-9DD5-C78BEBB56B7A}.ReleaseC99|x86.ActiveCfg = ReleaseC99|Win32
		{DA956FD3-E142-46F2-9DD5-C78BEBB56B7A}.ReleaseC99|x86.Build.0 = ReleaseC99|Win32
		{DA956FD3-E142-46F2-9DD5-C78BEBB56B7A}.ReleaseStatic|ARM64.ActiveCfg = ReleaseC99|Win32
		{DA956FD3-E142-46F2-9DD5-C78BEBB56B7A}.ReleaseStatic|ARM64.Build.0 = ReleaseC99|Win32
		{DA956FD3-E142-46F2-9DD5-C78BEBB56B7A}.ReleaseStatic|x64.ActiveCfg = Release|x64
		{DA956FD3-E142-46F2-9DD5-C78BEBB56B7A}.ReleaseStatic|x64.Build.0 = Release|x64
		{DA956FD3-E142-46F2-9DD5-C78BEBB56B7A}.ReleaseStatic|x86.ActiveCfg = Release|Win32
		{DA956FD3-E142-46F2-9DD5-C78BEBB56B7A}.ReleaseStatic|x86.Build.0 = Release|Win32
		{2BD5534E-00E2-4BEA-AC96-D9A92EA24696}.Debug|ARM64.ActiveCfg = Debug|Win32
		{2BD5534E-00E2-4BEA-AC96-D9A92EA24696}.Debug|x64.ActiveCfg = Debug|x64
		{2BD5534E-00E2-4BEA-AC96-D9A92EA24696}.Debug|x64.Build.0 = Debug|x64
		{2BD5534E-00E2-4BEA-AC96-D9A92EA24696}.Debug|x86.ActiveCfg = Debug|Win32
		{2BD5534E-00E2-4BEA-AC96-D9A92EA24696}.Debug|x86.Build.0 = Debug|Win32
		{2BD5534E-00E2-4BEA-AC96-D9A92EA24696}.DebugStatic|ARM64.ActiveCfg = ReleaseC99|Win32
		{2BD5534E-00E2-4BEA-AC96-D9A92EA24696}.DebugStatic|ARM64.Build.0 = ReleaseC99|Win32
		{2BD5534E-00E2-4BEA-AC96-D9A92EA24696}.DebugStatic|x64.ActiveCfg = Debug|x64
		{2BD5534E-00E2-4BEA-AC96-D9A92EA24696}.DebugStatic|x64.Build.0 = Debug|x64
		{2BD5534E-00E2-4BEA-AC96-D9A92EA24696}.DebugStatic|x86.ActiveCfg = Debug|Win32
		{2BD5534E-00E2-4BEA-AC96-D9A92EA24696}.DebugStatic|x86.Build.0 = Debug|Win32
		{2BD5534E-00E2-4BEA-AC96-D9A92EA24696}.Release|ARM64.ActiveCfg = Release|Win32
		{2BD5534E-00E2-4BEA-AC96-D9A92EA24696}.Release|x64.ActiveCfg = Release|x64
		{2BD5534E-00E2-4BEA-AC96-D9A92EA24696}.Release|x64.Build.0 = Release|x64
		{2BD5534E-00E2-4BEA-AC96-D9A92EA24696}.Release|x86.ActiveCfg = Release|Win32
		{2BD5534E-00E2-4BEA-AC96-D9A92EA24696}.Release|x86.Build.0 = Release|Win32
		{2BD5534E-00E2-4BEA-AC96-D9A92EA24696}.ReleaseC99|ARM64.ActiveCfg = Release|Win32
		{2BD5534E-00E2-4BEA-AC96-D9A92EA24696}.ReleaseC99|x64.ActiveCfg = ReleaseC99|x64
		{2BD5534E-00E2-4BEA-AC96-D9A92EA24696}.ReleaseC99|x64.Build.0 = ReleaseC99|x64
		{2BD5534E-00E2-4BEA-AC96-D9A92EA24696}.ReleaseC99|x86.ActiveCfg = ReleaseC99|Win32
		{2BD5534E-00E2-4BEA-AC96-D9A92EA24696}.ReleaseC99|x86.Build.0 = ReleaseC99|Win32
		{2BD5534E-00E2-4BEA-AC96-D9A92EA24696}.ReleaseStatic|ARM64.ActiveCfg = ReleaseC99|Win32
		{2BD5534E-00E2-4BEA-AC96-D9A92EA24696}.ReleaseStatic|ARM64.Build.0 = ReleaseC99|Win32
		{2BD5534E-00E2-4BEA-AC96-D9A92EA24696}.ReleaseStatic|x64.ActiveCfg = Release|x64
		{2BD5534E-00E2-4BEA-AC96-D9A92EA24696}.ReleaseStatic|x64.Build.0 = Release|x64
		{2BD5534E-00E2-4BEA-AC96-D9A92EA24696}.ReleaseStatic|x86.ActiveCfg = Release|Win32
		{2BD5534E-00E2-4BEA-AC96-D9A92EA24696}.ReleaseStatic|x86.Build.0 = Release|Win32
		{F7E944B3-0815-40CD-B3E4-90B2A15B0E33}.Debug|ARM64.ActiveCfg = Debug|Win32
		{F7E944B3-0815-40CD-B3E4-90B2A15B0E33}.Debug|x64.ActiveCfg = Debug|x64
		{F7E944B3-0815-40CD-B3E4-90B2A15B0E33}.Debug|x64.Build.0 = Debug|x64
		{F7E944B3-0815-40CD-B3E4-90B2A15B0E33}.Debug|x86.ActiveCfg = Debug|Win32
		{F7E944B3-0815-40CD-B3E4-90B2A15B0E33}.Debug|x86.Build.0 = Debug|Win32
		{F7E944B3-0815-40CD-B3E4-90B2A15B0E33}.DebugStatic|ARM64.ActiveCfg = ReleaseC99|Win32
		{F7E944B3-0815-40CD-B3E4-90B2A15B0E33}.DebugStatic|ARM64.Build.0 = ReleaseC99|Win32
		{F7E944B3-0815-40CD-B3E4-90B2A15B0E33}.DebugStatic|x64.ActiveCfg = Debug|x64
		{F7E944B3-0815-40CD-B3E4-90B2A15B0E33}.DebugStatic|x64.Build.0 = Debug|x64
		{F7E944B3-0815-40CD-B3E4-90B2A15B0E33}.DebugStatic|x86.ActiveCfg = Debug|Win32
		{F7E944B3-0815-40CD-B3E4-90B2A15B0E33}.DebugStatic|x86.Build.0 = Debug|Win32
		{F7E944B3-0815-40CD-B3E4-90B2A15B0E33}.Release|ARM64.ActiveCfg = Release|Win32
		{F7E944B3-0815-40CD-B3E4-90B2A15B0E33}.Release|x64.ActiveCfg = Release|x64
		{F7E944B3-0815-40CD-B3E4-90B2A15B0E33}.Release|x64.Build.0 = Release|x64
		{F7E944B3-0815-40CD-B3E4-90B2A15B0E33}.Release|x86.ActiveCfg = Release|Win32
		{F7E944B3-0815-40CD-B3E4-90B2A15B0E33}.Release|x86.Build.0 = Release|Win32
		{F7E944B3-0815-40CD-B3E4-90B2A15B0E33}.ReleaseC99|ARM64.ActiveCfg = Release|Win32
		{F7E944B3-0815-40CD-B3E4-90B2A15B0E33}.ReleaseC99|x64.ActiveCfg = ReleaseC99|x64
		{F7E944B3-0815-40CD-B3E4-90B2A15B0E33}.ReleaseC99|x64.Build.0 = ReleaseC99|x64
		{F7E944B3-0815-40CD-B3E4-90B2A15B0E33}.ReleaseC99|x86.ActiveCfg = ReleaseC99|Win32
		{F7E944B3-0815-40CD-B3E4-90B2A15B0E33}.ReleaseC99|x86.Build.0 = ReleaseC99|Win32
		{F7E944B3-0815-40CD-B3E4-90B2A15B0E33}.ReleaseStatic|ARM64.ActiveCfg = ReleaseC99|Win32
		{F7E944B3-0815-40CD-B3E4-90B2A15B0E33}.ReleaseStatic|ARM64.Build.0 = ReleaseC99|Win32
		{F7E944B3-0815-40CD-B3E4-90B2A15B0E33}.ReleaseStatic|x64.ActiveCfg = Release|x64
		{F7E944B3-0815-40CD-B3E4-90B2A15B0E33}.ReleaseStatic|x64.Build.0 = Release|x64
		{F7E944B3-0815-40CD-B3E4-90B2A15B0E33}.ReleaseStatic|x86.ActiveCfg = Release|Win32
		{F7E944B3-0815-40CD-B3E4-90B2A15B0E33}.ReleaseStatic|x86.Build.0 = Release|Win32
		{B162B6F1-E876-4D5F-A1F6-E3A6DC2F4A2C}.Debug|ARM64.ActiveCfg = Debug|Win32
		{B162B6F1-E876-4D5F-A1F6-E3A6DC2F4A2C}.Debug|x64.ActiveCfg = Debug|x64
		{B162B6F1-E876-4D5F-A1F6-E3A6DC2F4A2C}.Debug|x64.Build.0 = Debug|x64
		{B162B6F1-E876-4D5F-A1F6-E3A6DC2F4A2C}.Debug|x86.ActiveCfg = Debug|Win32
		{B162B6F1-E876-4D5F-A1F6-E3A6DC2F4A2C}.Debug|x86.Build.0 = Debug|Win32
		{B162B6F1-E876-4D5F-A1F6-E3A6DC2F4A2C}.DebugStatic|ARM64.ActiveCfg = ReleaseC99|Win32
		{B162B6F1-E876-4D5F-A1F6-E3A6DC2F4A2C}.DebugStatic|ARM64.Build.0 = ReleaseC99|Win32
		{B162B6F1-E876-4D5F-A1F6-E3A6DC2F4A2C}.DebugStatic|x64.ActiveCfg = Debug|x64
		{B162B6F1-E876-4D5F-A1F6-E3A6DC2F4A2C}.DebugStatic|x64.Build.0 = Debug|x64
		{B162B6F1-E876-4D5F-A1F6-E3A6DC2F4A2C}.DebugStatic|x86.ActiveCfg = Debug|Win32
		{B162B6F1-E876-4D5F-A1F6-E3A6DC2F4A2C}.DebugStatic|x86.Build.0 = Debug|Win32
		{B162B6F1-E876-4D5F-A1F6-E3A6DC2F4A2C}.Release|ARM64.ActiveCfg = Release|Win32
		{B162B6F1-E876-4D5F-A1F6-E3A6DC2F4A2C}.Release|x64.ActiveCfg = Release|x64
		{B162B6F1-E876-4D5F-A1F6-E3A6DC2F4A2C}.Release|x64.Build.0 = Release|x64
		{B162B6F1-E876-4D5F-A1F6-E3A6DC2F4A2C}.Release|x86.ActiveCfg = Release|Win32
		{B162B6F1-E876-4D5F-A1F6-E3A6DC2F4A2C}.Release|x86.Build.0 = Release|Win32
		{B162B6F1-E876-4D5F-A1F6-E3A6DC2F4A2C}.ReleaseC99|ARM64.ActiveCfg = Release|Win32
		{B162B6F1-E876-4D5F-A1F6-E3A6DC2F4A2C}.ReleaseC99|x64.ActiveCfg = ReleaseC99|x64
		{B162B6F1-E876-4D5F-A1F6-E3A6DC2F4A2C}.ReleaseC99|x64.Build.0 = ReleaseC99|x64
		{B162B6F1-E876-4D5F-A1F6-E3A6DC2F4A2C}.ReleaseC99|x86.ActiveCfg = ReleaseC99|Win32
		{B162B6F1-E876-4D5F-A1F6-E3A6DC2F4A2C}.ReleaseC99|x86.Build.0 = ReleaseC99|Win32
		{B162B6F1-E876-4D5F-A1F6-E3A6DC2F4A2C}.ReleaseStatic|ARM64.ActiveCfg = ReleaseC99|Win32
		{B162B6F1-E876-4D5F-A1F6-E3A6DC2F4A2C}.ReleaseStatic|ARM64.Build.0 = ReleaseC99|Win32
		{B162B6F1-E876-4D5F-A1F6-E3A6DC2F4A2C}.ReleaseStatic|x64.ActiveCfg = Release|x64
		{B162B6F1-E876-4D5F-A1F6-E3A6DC2F4A2C}.ReleaseStatic|x64.Build.0 = Release|x64
		{B162B6F1-E876-4D5F-A1F6-E3A6DC2F4A2C}.ReleaseStatic|x86.ActiveCfg = Release|Win32
		{B162B6F1-E876-4D5F-A1F6-E3A6DC2F4A2C}.ReleaseStatic|x86.Build.0 = Release|Win32
		{EBDA67CA-4A23-4F22-BFBC-B8DBE0580D4F}.Debug|ARM64.ActiveCfg = Debug|Win32
		{EBDA67CA-4A23-4F22-BFBC-B8DBE0580D4F}.Debug|x64.ActiveCfg = Debug|x64
		{EBDA67CA-4A23-4F22-BFBC-B8DBE0580D4F}.Debug|x64.Build.0 = Debug|x64
		{EBDA67CA-4A23-4F22-BFBC-B8DBE0580D4F}.Debug|x86.ActiveCfg = Debug|Win32
		{EBDA67CA-4A23-4F22-BFBC-B8DBE0580D4F}.Debug|x86.Build.0 = Debug|Win32
		{EBDA67CA-4A23-4F22-BFBC-B8DBE0580D4F}.DebugStatic|ARM64.ActiveCfg = ReleaseC99|Win32
		{EBDA67CA-4A23-4F22-BFBC-B8DBE0580D4F}.DebugStatic|ARM64.Build.0 = ReleaseC99|Win32
		{EBDA67CA-4A23-4F22-BFBC-B8DBE0580D4F}.DebugStatic|x64.ActiveCfg = Debug|x64
		{EBDA67CA-4A23-4F22-BFBC-B8DBE0580D4F}.DebugStatic|x64.Build.0 = Debug|x64
		{EBDA67CA-4A23-4F22-BFBC-B8DBE0580D4F}.DebugStatic|x86.ActiveCfg = Debug|Win32
		{EBDA67CA-4A23-4F22-BFBC-B8DBE0580D4F}.DebugStatic|x86.Build.0 = Debug|Win32
		{EBDA67CA-4A23-4F22-BFBC-B8DBE0580D4F}.Release|ARM64.ActiveCfg = Release|Win32
		{EBDA67CA-4A23-4F22-BFBC-B8DBE0580D4F}.Release|x64.ActiveCfg = Release|x64
		{EBDA67CA-4A23-4F22-BFBC-B8DBE0580D4F}.Release|x64.Build.0 = Release|x64
		{EBDA67CA-4A23-4F22-BFBC-B8DBE0580D4F}.Release|x86.ActiveCfg = Release|Win32
		{EBDA67CA-4A23-4F22-BFBC-B8DBE0580D4F}.Release|x86.Build.0 = Release|Win32
		{EBDA67CA-4A23-4F22-BFBC-B8DBE0580D4F}.ReleaseC99|ARM64.ActiveCfg = Release|Win32
		{EBDA67CA-4A23-4F22-BFBC-B8DBE0580D4F}.ReleaseC99|x64.ActiveCfg = ReleaseC99|x64
		{EBDA67CA-4A23-4F22-BFBC-B8DBE0580D4F}.ReleaseC99|x64.Build.0 = ReleaseC99|x64
		{EBDA67CA-4A23-4F22-BFBC-B8DBE0580D4F}.ReleaseC99|x86.ActiveCfg = ReleaseC99|Win32
		{EBDA67CA-4A23-4F22-BFBC-B8DBE0580D4F}.ReleaseC99|x86.Build.0 = ReleaseC99|Win32
		{EBDA67CA-4A23-4F22-BFBC-B8DBE0580D4F}.ReleaseStatic|ARM64.ActiveCfg = ReleaseC99|Win32
		{EBDA67CA-4A23-4F22-BFBC-B8DBE0580D4F}.ReleaseStatic|ARM64.Build.0 = ReleaseC99|Win32
		{EBDA67CA-4A23-4F22-BFBC-B8DBE0580D4F}.ReleaseStatic|x64.ActiveCfg = Release|x64
		{EBDA67CA-4A23-4F22-BFBC-B8DBE0580D4F}.ReleaseStatic|x64.Build.0 = Release|x64
		{EBDA67CA-4A23-4F22-BFBC-B8DBE0580D4F}.ReleaseStatic|x86.ActiveCfg = Release|Win32
		{EBDA67CA-4A23-4F22-BFBC-B8DBE0580D4F}.ReleaseStatic|x86.Build.0 = Release|Win32
		{D6973076-9317-4EF2-A0B8-B7A18AC0713E}.Debug|ARM64.ActiveCfg = Debug|ARM64
		{D6973076-9317-4EF2-A0B8-B7A18AC0713E}.Debug|ARM64.Build.0 = Debug|ARM64
		{D6973076-9317-4EF2-A0B8-B7A18AC0713E}.Debug|x64.ActiveCfg = Debug|x64
		{D6973076-9317-4EF2-A0B8-B7A18AC0713E}.Debug|x64.Build.0 = Debug|x64
		{D6973076-9317-4EF2-A0B8-B7A18AC0713E}.Debug|x86.ActiveCfg = Debug|Win32
		{D6973076-9317-4EF2-A0B8-B7A18AC0713E}.Debug|x86.Build.0 = Debug|Win32
		{D6973076-9317-4EF2-A0B8-B7A18AC0713E}.DebugStatic|ARM64.ActiveCfg = DebugStatic|ARM64
		{D6973076-9317-4EF2-A0B8-B7A18AC0713E}.DebugStatic|ARM64.Build.0 = DebugStatic|ARM64
		{D6973076-9317-4EF2-A0B8-B7A18AC0713E}.DebugStatic|x64.ActiveCfg = DebugStatic|x64
		{D6973076-9317-4EF2-A0B8-B7A18AC0713E}.DebugStatic|x64.Build.0 = DebugStatic|x64
		{D6973076-9317-4EF2-A0B8-B7A18AC0713E}.DebugStatic|x86.ActiveCfg = DebugStatic|Win32
		{D6973076-9317-4EF2-A0B8-B7A18AC0713E}.DebugStatic|x86.Build.0 = DebugStatic|Win32
		{D6973076-9317-4EF2-A0B8-B7A18AC0713E}.Release|ARM64.ActiveCfg = Release|ARM64
		{D6973076-9317-4EF2-A0B8-B7A18AC0713E}.Release|ARM64.Build.0 = Release|ARM64
		{D6973076-9317-4EF2-A0B8-B7A18AC0713E}.Release|x64.ActiveCfg = Release|x64
		{D6973076-9317-4EF2-A0B8-B7A18AC0713E}.Release|x64.Build.0 = Release|x64
		{D6973076-9317-4EF2-A0B8-B7A18AC0713E}.Release|x86.ActiveCfg = Release|Win32
		{D6973076-9317-4EF2-A0B8-B7A18AC0713E}.Release|x86.Build.0 = Release|Win32
		{D6973076-9317-4EF2-A0B8-B7A18AC0713E}.ReleaseC99|ARM64.ActiveCfg = ReleaseStatic|ARM64
		{D6973076-9317-4EF2-A0B8-B7A18AC0713E}.ReleaseC99|ARM64.Build.0 = ReleaseStatic|ARM64
		{D6973076-9317-4EF2-A0B8-B7A18AC0713E}.ReleaseC99|x64.ActiveCfg = ReleaseC99|x64
		{D6973076-9317-4EF2-A0B8-B7A18AC0713E}.ReleaseC99|x64.Build.0 = ReleaseC99|x64
		{D6973076-9317-4EF2-A0B8-B7A18AC0713E}.ReleaseC99|x86.ActiveCfg = ReleaseStatic|Win32
		{D6973076-9317-4EF2-A0B8-B7A18AC0713E}.ReleaseC99|x86.Build.0 = ReleaseStatic|Win32
		{D6973076-9317-4EF2-A0B8-B7A18AC0713E}.ReleaseStatic|ARM64.ActiveCfg = ReleaseStatic|ARM64
		{D6973076-9317-4EF2-A0B8-B7A18AC0713E}.ReleaseStatic|ARM64.Build.0 = ReleaseStatic|ARM64
		{D6973076-9317-4EF2-A0B8-B7A18AC0713E}.ReleaseStatic|x64.ActiveCfg = ReleaseStatic|x64
		{D6973076-9317-4EF2-A0B8-B7A18AC0713E}.ReleaseStatic|x64.Build.0 = ReleaseStatic|x64
		{D6973076-9317-4EF2-A0B8-B7A18AC0713E}.ReleaseStatic|x86.ActiveCfg = ReleaseStatic|Win32
		{D6973076-9317-4EF2-A0B8-B7A18AC0713E}.ReleaseStatic|x86.Build.0 = ReleaseStatic|Win32
		{D8C62659-19A9-419A-B74E-DBA49DD5576A}.Debug|ARM64.ActiveCfg = Debug|Win32
		{D8C62659-19A9-419A-B74E-DBA49DD5576A}.Debug|x64.ActiveCfg = Debug|x64
		{D8C62659-19A9-419A-B74E-DBA49DD5576A}.Debug|x64.Build.0 = Debug|x64
		{D8C62659-19A9-419A-B74E-DBA49DD5576A}.Debug|x86.ActiveCfg = Debug|Win32
		{D8C62659-19A9-419A-B74E-DBA49DD5576A}.Debug|x86.Build.0 = Debug|Win32
		{D8C62659-19A9-419A-B74E-DBA49DD5576A}.DebugStatic|ARM64.ActiveCfg = Debug|Win32
		{D8C62659-19A9-419A-B74E-DBA49DD5576A}.DebugStatic|ARM64.Build.0 = Debug|Win32
		{D8C62659-19A9-419A-B74E-DBA49DD5576A}.DebugStatic|x64.ActiveCfg = DebugStatic|x64
		{D8C62659-19A9-419A-B74E-DBA49DD5576A}.DebugStatic|x64.Build.0 = DebugStatic|x64
		{D8C62659-19A9-419A-B74E-DBA49DD5576A}.DebugStatic|x86.ActiveCfg = Debug|Win32
		{D8C62659-19A9-419A-B74E-DBA49DD5576A}.DebugStatic|x86.Build.0 = Debug|Win32
		{D8C62659-19A9-419A-B74E-DBA49DD5576A}.Release|ARM64.ActiveCfg = Release|Win32
		{D8C62659-19A9-419A-B74E-DBA49DD5576A}.Release|x64.ActiveCfg = Release|x64
		{D8C62659-19A9-419A-B74E-DBA49DD5576A}.Release|x64.Build.0 = Release|x64
		{D8C62659-19A9-419A-B74E-DBA49DD5576A}.Release|x86.ActiveCfg = Release|Win32
		{D8C62659-19A9-419A-B74E-DBA49DD5576A}.Release|x86.Build.0 = Release|Win32
		{D8C62659-19A9-419A-B74E-DBA49DD5576A}.ReleaseC99|ARM64.ActiveCfg = Debug|Win32
		{D8C62659-19A9-419A-B74E-DBA49DD5576A}.ReleaseC99|ARM64.Build.0 = Debug|Win32
		{D8C62659-19A9-419A-B74E-DBA49DD5576A}.ReleaseC99|x64.ActiveCfg = ReleaseC99|x64
		{D8C62659-19A9-419A-B74E-DBA49DD5576A}.ReleaseC99|x64.Build.0 = ReleaseC99|x64
		{D8C62659-19A9-419A-B74E-DBA49DD5576A}.ReleaseC99|x86.ActiveCfg = Release|Win32
		{D8C62659-19A9-419A-B74E-DBA49DD5576A}.ReleaseC99|x86.Build.0 = Release|Win32
		{D8C62659-19A9-419A-B74E-DBA49DD5576A}.ReleaseStatic|ARM64.ActiveCfg = Debug|Win32
		{D8C62659-19A9-419A-B74E-DBA49DD5576A}.ReleaseStatic|ARM64.Build.0 = Debug|Win32
		{D8C62659-19A9-419A-B74E-DBA49DD5576A}.ReleaseStatic|x64.ActiveCfg = ReleaseStatic|x64
		{D8C62659-19A9-419A-B74E-DBA49DD5576A}.ReleaseStatic|x64.Build.0 = ReleaseStatic|x64
		{D8C62659-19A9-419A-B74E-DBA49DD5576A}.ReleaseStatic|x86.ActiveCfg = ReleaseStatic|Win32
		{D8C62659-19A9-419A-B74E-DBA49DD5576A}.ReleaseStatic|x86.Build.0 = ReleaseStatic|Win32
		{DDDBD07D-DC76-4AF6-8D02-3E2DEB6EE255}.Debug|ARM64.ActiveCfg = Debug|Win32
		{DDDBD07D-DC76-4AF6-8D02-3E2DEB6EE255}.Debug|x64.ActiveCfg = Debug|x64
		{DDDBD07D-DC76-4AF6-8D02-3E2DEB6EE255}.Debug|x64.Build.0 = Debug|x64
		{DDDBD07D-DC76-4AF6-8D02-3E2DEB6EE255}.Debug|x86.ActiveCfg = Debug|Win32
		{DDDBD07D-DC76-4AF6-8D02-3E2DEB6EE255}.Debug|x86.Build.0 = Debug|Win32
		{DDDBD07D-DC76-4AF6-8D02-3E2DEB6EE255}.DebugStatic|ARM64.ActiveCfg = ReleaseC99|Win32
		{DDDBD07D-DC76-4AF6-8D02-3E2DEB6EE255}.DebugStatic|ARM64.Build.0 = ReleaseC99|Win32
		{DDDBD07D-DC76-4AF6-8D02-3E2DEB6EE255}.DebugStatic|x64.ActiveCfg = Debug|x64
		{DDDBD07D-DC76-4AF6-8D02-3E2DEB6EE255}.DebugStatic|x64.Build.0 = Debug|x64
		{DDDBD07D-DC76-4AF6-8D02-3E2DEB6EE255}.DebugStatic|x86.ActiveCfg = Debug|Win32
		{DDDBD07D-DC76-4AF6-8D02-3E2DEB6EE255}.DebugStatic|x86.Build.0 = Debug|Win32
		{DDDBD07D-DC76-4AF6-8D02-3E2DEB6EE255}.Release|ARM64.ActiveCfg = Release|Win32
		{DDDBD07D-DC76-4AF6-8D02-3E2DEB6EE255}.Release|x64.ActiveCfg = Release|x64
		{DDDBD07D-DC76-4AF6-8D02-3E2DEB6EE255}.Release|x64.Build.0 = Release|x64
		{DDDBD07D-DC76-4AF6-8D02-3E2DEB6EE255}.Release|x86.ActiveCfg = Release|Win32
		{DDDBD07D-DC76-4AF6-8D02-3E2DEB6EE255}.Release|x86.Build.0 = Release|Win32
		{DDDBD07D-DC76-4AF6-8D02-3E2DEB6EE255}.ReleaseC99|ARM64.ActiveCfg = Release|Win32
		{DDDBD07D-DC76-4AF6-8D02-3E2DEB6EE255}.ReleaseC99|x64.ActiveCfg = ReleaseC99|x64
		{DDDBD07D-DC76-4AF6-8D02-3E2DEB6EE255}.ReleaseC99|x64.Build.0 = ReleaseC99|x64
		{DDDBD07D-DC76-4AF6-8D02-3E2DEB6EE255}.ReleaseC99|x86.ActiveCfg = ReleaseC99|Win32
		{DDDBD07D-DC76-4AF6-8D02-3E2DEB6EE255}.ReleaseC99|x86.Build.0 = ReleaseC99|Win32
		{DDDBD07D-DC76-4AF6-8D02-3E2DEB6EE255}.ReleaseStatic|ARM64.ActiveCfg = ReleaseC99|Win32
		{DDDBD07D-DC76-4AF6-8D02-3E2DEB6EE255}.ReleaseStatic|ARM64.Build.0 = ReleaseC99|Win32
		{DDDBD07D-DC76-4AF6-8D02-3E2DEB6EE255}.ReleaseStatic|x64.ActiveCfg = Release|x64
		{DDDBD07D-DC76-4AF6-8D02-3E2DEB6EE255}.ReleaseStatic|x64.Build.0 = Release|x64
		{DDDBD07D-DC76-4AF6-8D02-3E2DEB6EE255}.ReleaseStatic|x86.ActiveCfg = Release|Win32
		{DDDBD07D-DC76-4AF6-8D02-3E2DEB6EE255}.ReleaseStatic|x86.Build.0 = Release|Win32
		{8FD826F8-3739-44E6-8CC8-997122E53B8D}.Debug|ARM64.ActiveCfg = Debug|Win32
		{8FD826F8-3739-44E6-8CC8-997122E53B8D}.Debug|x64.ActiveCfg = Debug|x64
		{8FD826F8-3739-44E6-8CC8-997122E53B8D}.Debug|x64.Build.0 = Debug|x64
		{8FD826F8-3739-44E6-8CC8-997122E53B8D}.Debug|x86.ActiveCfg = Debug|Win32
		{8FD826F8-3739-44E6-8CC8-997122E53B8D}.Debug|x86.Build.0 = Debug|Win32
		{8FD826F8-3739-44E6-8CC8-997122E53B8D}.DebugStatic|ARM64.ActiveCfg = Debug|Win32
		{8FD826F8-3739-44E6-8CC8-997122E53B8D}.DebugStatic|ARM64.Build.0 = Debug|Win32
		{8FD826F8-3739-44E6-8CC8-997122E53B8D}.DebugStatic|x64.ActiveCfg = Debug|x64
		{8FD826F8-3739-44E6-8CC8-997122E53B8D}.DebugStatic|x64.Build.0 = Debug|x64
		{8FD826F8-3739-44E6-8CC8-997122E53B8D}.DebugStatic|x86.ActiveCfg = Debug|Win32
		{8FD826F8-3739-44E6-8CC8-997122E53B8D}.DebugStatic|x86.Build.0 = Debug|Win32
		{8FD826F8-3739-44E6-8CC8-997122E53B8D}.Release|ARM64.ActiveCfg = Release|Win32
		{8FD826F8-3739-44E6-8CC8-997122E53B8D}.Release|x64.ActiveCfg = Release|x64
		{8FD826F8-3739-44E6-8CC8-997122E53B8D}.Release|x64.Build.0 = Release|x64
		{8FD826F8-3739-44E6-8CC8-997122E53B8D}.Release|x86.ActiveCfg = Release|Win32
		{8FD826F8-3739-44E6-8CC8-997122E53B8D}.Release|x86.Build.0 = Release|Win32
		{8FD826F8-3739-44E6-8CC8-997122E53B8D}.ReleaseC99|ARM64.ActiveCfg = Debug|Win32
		{8FD826F8-3739-44E6-8CC8-997122E53B8D}.ReleaseC99|ARM64.Build.0 = Debug|Win32
		{8FD826F8-3739-44E6-8CC8-997122E53B8D}.ReleaseC99|x64.ActiveCfg = ReleaseC99|x64
		{8FD826F8-3739-44E6-8CC8-997122E53B8D}.ReleaseC99|x64.Build.0 = ReleaseC99|x64
		{8FD826F8-3739-44E6-8CC8-997122E53B8D}.ReleaseC99|x86.ActiveCfg = ReleaseWithoutAsm|Win32
		{8FD826F8-3739-44E6-8CC8-997122E53B8D}.ReleaseC99|x86.Build.0 = ReleaseWithoutAsm|Win32
		{8FD826F8-3739-44E6-8CC8-997122E53B8D}.ReleaseStatic|ARM64.ActiveCfg = Debug|Win32
		{8FD826F8-3739-44E6-8CC8-997122E53B8D}.ReleaseStatic|ARM64.Build.0 = Debug|Win32
		{8FD826F8-3739-44E6-8CC8-997122E53B8D}.ReleaseStatic|x64.ActiveCfg = Release|x64
		{8FD826F8-3739-44E6-8CC8-997122E53B8D}.ReleaseStatic|x64.Build.0 = Release|x64
		{8FD826F8-3739-44E6-8CC8-997122E53B8D}.ReleaseStatic|x86.ActiveCfg = Release|Win32
		{8FD826F8-3739-44E6-8CC8-997122E53B8D}.ReleaseStatic|x86.Build.0 = Release|Win32
		{8AB3504F-5E58-4910-AFE8-7A1E595AC3F4}.Debug|ARM64.ActiveCfg = Debug|Win32
		{8AB3504F-5E58-4910-AFE8-7A1E595AC3F4}.Debug|x64.ActiveCfg = Debug|x64
		{8AB3504F-5E58-4910-AFE8-7A1E595AC3F4}.Debug|x64.Build.0 = Debug|x64
		{8AB3504F-5E58-4910-AFE8-7A1E595AC3F4}.Debug|x86.ActiveCfg = Debug|Win32
		{8AB3504F-5E58-4910-AFE8-7A1E595AC3F4}.Debug|x86.Build.0 = Debug|Win32
		{8AB3504F-5E58-4910-AFE8-7A1E595AC3F4}.DebugStatic|ARM64.ActiveCfg = Debug|Win32
		{8AB3504F-5E58-4910-AFE8-7A1E595AC3F4}.DebugStatic|ARM64.Build.0 = Debug|Win32
		{8AB3504F-5E58-4910-AFE8-7A1E595AC3F4}.DebugStatic|x64.ActiveCfg = Debug|x64
		{8AB3504F-5E58-4910-AFE8-7A1E595AC3F4}.DebugStatic|x64.Build.0 = Debug|x64
		{8AB3504F-5E58-4910-AFE8-7A1E595AC3F4}.DebugStatic|x86.ActiveCfg = Debug|Win32
		{8AB3504F-5E58-4910-AFE8-7A1E595AC3F4}.DebugStatic|x86.Build.0 = Debug|Win32
		{8AB3504F-5E58-4910-AFE8-7A1E595AC3F4}.Release|ARM64.ActiveCfg = Release|Win32
		{8AB3504F-5E58-4910-AFE8-7A1E595AC3F4}.Release|x64.ActiveCfg = Release|x64
		{8AB3504F-5E58-4910-AFE8-7A1E595AC3F4}.Release|x64.Build.0 = Release|x64
		{8AB3504F-5E58-4910-AFE8-7A1E595AC3F4}.Release|x86.ActiveCfg = Release|Win32
		{8AB3504F-5E58-4910-AFE8-7A1E595AC3F4}.Release|x86.Build.0 = Release|Win32
		{8AB3504F-5E58-4910-AFE8-7A1E595AC3F4}.ReleaseC99|ARM64.ActiveCfg = ReleaseC99|Win32
		{8AB3504F-5E58-4910-AFE8-7A1E595AC3F4}.ReleaseC99|x64.ActiveCfg = ReleaseC99|x64
		{8AB3504F-5E58-4910-AFE8-7A1E595AC3F4}.ReleaseC99|x64.Build.0 = ReleaseC99|x64
		{8AB3504F-5E58-4910-AFE8-7A1E595AC3F4}.ReleaseC99|x86.ActiveCfg = ReleaseC99|Win32
		{8AB3504F-5E58-4910-AFE8-7A1E595AC3F4}.ReleaseC99|x86.Build.0 = ReleaseC99|Win32
		{8AB3504F-5E58-4910-AFE8-7A1E595AC3F4}.ReleaseStatic|ARM64.ActiveCfg = Debug|Win32
		{8AB3504F-5E58-4910-AFE8-7A1E595AC3F4}.ReleaseStatic|ARM64.Build.0 = Debug|Win32
		{8AB3504F-5E58-4910-AFE8-7A1E595AC3F4}.ReleaseStatic|x64.ActiveCfg = Release|x64
		{8AB3504F-5E58-4910-AFE8-7A1E595AC3F4}.ReleaseStatic|x64.Build.0 = Release|x64
		{8AB3504F-5E58-4910-AFE8-7A1E595AC3F4}.ReleaseStatic|x86.ActiveCfg = Release|Win32
		{8AB3504F-5E58-4910-AFE8-7A1E595AC3F4}.ReleaseStatic|x86.Build.0 = Release|Win32
		{76709E2D-E8EA-46CE-8361-84B0D7CF0066}.Debug|ARM64.ActiveCfg = Debug|Win32
		{76709E2D-E8EA-46CE-8361-84B0D7CF0066}.Debug|x64.ActiveCfg = Debug|x64
		{76709E2D-E8EA-46CE-8361-84B0D7CF0066}.Debug|x64.Build.0 = Debug|x64
		{76709E2D-E8EA-46CE-8361-84B0D7CF0066}.Debug|x86.ActiveCfg = Debug|Win32
		{76709E2D-E8EA-46CE-8361-84B0D7CF0066}.Debug|x86.Build.0 = Debug|Win32
		{76709E2D-E8EA-46CE-8361-84B0D7CF0066}.DebugStatic|ARM64.ActiveCfg = Debug|Win32
		{76709E2D-E8EA-46CE-8361-84B0D7CF0066}.DebugStatic|ARM64.Build.0 = Debug|Win32
		{76709E2D-E8EA-46CE-8361-84B0D7CF0066}.DebugStatic|x64.ActiveCfg = Debug|x64
		{76709E2D-E8EA-46CE-8361-84B0D7CF0066}.DebugStatic|x64.Build.0 = Debug|x64
		{76709E2D-E8EA-46CE-8361-84B0D7CF0066}.DebugStatic|x86.ActiveCfg = Debug|Win32
		{76709E2D-E8EA-46CE-8361-84B0D7CF0066}.DebugStatic|x86.Build.0 = Debug|Win32
		{76709E2D-E8EA-46CE-8361-84B0D7CF0066}.Release|ARM64.ActiveCfg = Release|Win32
		{76709E2D-E8EA-46CE-8361-84B0D7CF0066}.Release|x64.ActiveCfg = Release|x64
		{76709E2D-E8EA-46CE-8361-84B0D7CF0066}.Release|x64.Build.0 = Release|x64
		{76709E2D-E8EA-46CE-8361-84B0D7CF0066}.Release|x86.ActiveCfg = Release|Win32
		{76709E2D-E8EA-46CE-8361-84B0D7CF0066}.Release|x86.Build.0 = Release|Win32
		{76709E2D-E8EA-46CE-8361-84B0D7CF0066}.ReleaseC99|ARM64.ActiveCfg = ReleaseC99|Win32
		{76709E2D-E8EA-46CE-8361-84B0D7CF0066}.ReleaseC99|x64.ActiveCfg = ReleaseC99|x64
		{76709E2D-E8EA-46CE-8361-84B0D7CF0066}.ReleaseC99|x64.Build.0 = ReleaseC99|x64
		{76709E2D-E8EA-46CE-8361-84B0D7CF0066}.ReleaseC99|x86.ActiveCfg = ReleaseC99|Win32
		{76709E2D-E8EA-46CE-8361-84B0D7CF0066}.ReleaseC99|x86.Build.0 = ReleaseC99|Win32
		{76709E2D-E8EA-46CE-8361-84B0D7CF0066}.ReleaseStatic|ARM64.ActiveCfg = Debug|Win32
		{76709E2D-E8EA-46CE-8361-84B0D7CF0066}.ReleaseStatic|ARM64.Build.0 = Debug|Win32
		{76709E2D-E8EA-46CE-8361-84B0D7CF0066}.ReleaseStatic|x64.ActiveCfg = Release|x64
		{76709E2D-E8EA-46CE-8361-84B0D7CF0066}.ReleaseStatic|x64.Build.0 = Release|x64
		{76709E2D-E8EA-46CE-8361-84B0D7CF0066}.ReleaseStatic|x86.ActiveCfg = Release|Win32
		{76709E2D-E8EA-46CE-8361-84B0D7CF0066}.ReleaseStatic|x86.Build.0 = Release|Win32
	EndGlobalSection
	GlobalSection(SolutionProperties) = preSolution
		HideSolutionNode = FALSE
	EndGlobalSection
	GlobalSection(NestedProjects) = preSolution
		{81CE8DAF-EBB2-4761-8E45-B71ABCCA8C68} = {06CCF369-80B3-4E01-8D26-4C699256289D}
		{DA956FD3-E142-46F2-9DD5-C78BEBB56B7A} = {06CCF369-80B3-4E01-8D26-4C699256289D}
		{2BD5534E-00E2-4BEA-AC96-D9A92EA24696} = {06CCF369-80B3-4E01-8D26-4C699256289D}
		{F7E944B3-0815-40CD-B3E4-90B2A15B0E33} = {06CCF369-80B3-4E01-8D26-4C699256289D}
		{B162B6F1-E876-4D5F-A1F6-E3A6DC2F4A2C} = {06CCF369-80B3-4E01-8D26-4C699256289D}
		{EBDA67CA-4A23-4F22-BFBC-B8DBE0580D4F} = {06CCF369-80B3-4E01-8D26-4C699256289D}
		{61E03AFD-8FCE-4B98-8B1F-937E61995F0B} = {06CCF369-80B3-4E01-8D26-4C699256289D}
		{D6973076-9317-4EF2-A0B8-B7A18AC0713E} = {61E03AFD-8FCE-4B98-8B1F-937E61995F0B}
		{D8C62659-19A9-419A-B74E-DBA49DD5576A} = {06CCF369-80B3-4E01-8D26-4C699256289D}
		{DDDBD07D-DC76-4AF6-8D02-3E2DEB6EE255} = {06CCF369-80B3-4E01-8D26-4C699256289D}
		{8FD826F8-3739-44E6-8CC8-997122E53B8D} = {61E03AFD-8FCE-4B98-8B1F-937E61995F0B}
		{8AB3504F-5E58-4910-AFE8-7A1E595AC3F4} = {E310458F-C20D-4727-B9D0-4E77F50A352C}
		{E310458F-C20D-4727-B9D0-4E77F50A352C} = {06CCF369-80B3-4E01-8D26-4C699256289D}
		{76709E2D-E8EA-46CE-8361-84B0D7CF0066} = {E310458F-C20D-4727-B9D0-4E77F50A352C}
	EndGlobalSection
	GlobalSection(ExtensibilityGlobals) = postSolution
		SolutionGuid = {551CC38C-EB92-4AD3-9F7F-08D9559B8EE8}
	EndGlobalSection
EndGlobal
